
Microsoft Visual Studio Solution File, Format Version 12.00
# Visual Studio Version 17
VisualStudioVersion = 17.6.33829.357
MinimumVisualStudioVersion = 10.0.40219.1
Project("{FAE04EC0-301F-11D3-BF4B-00C04F79EFBC}") = "DogsMvc", "DogsMvc\DogsMvc.csproj", "{88651599-E2C8-41E6-BC2F-27B944A8BCEA}"
EndProject
Global
	GlobalSection(SolutionConfigurationPlatforms) = preSolution
		Debug|Any CPU = Debug|Any CPU
		Release|Any CPU = Release|Any CPU
	EndGlobalSection
	GlobalSection(ProjectConfigurationPlatforms) = postSolution
		{88651599-E2C8-41E6-BC2F-27B944A8BCEA}.Debug|Any CPU.ActiveCfg = Debug|Any CPU
		{88651599-E2C8-41E6-BC2F-27B944A8BCEA}.Debug|Any CPU.Build.0 = Debug|Any CPU
		{88651599-E2C8-41E6-BC2F-27B944A8BCEA}.Release|Any CPU.ActiveCfg = Release|Any CPU
		{88651599-E2C8-41E6-BC2F-27B944A8BCEA}.Release|Any CPU.Build.0 = Release|Any CPU
	EndGlobalSection
	GlobalSection(SolutionProperties) = preSolution
		HideSolutionNode = FALSE
	EndGlobalSection
	GlobalSection(ExtensibilityGlobals) = postSolution
		SolutionGuid = {31028EE6-C30D-4F6D-B6C1-6132F717089A}
	EndGlobalSection
EndGlobal
